
Microsoft Visual Studio Solution File, Format Version 11.00
# Visual Studio 2010
Project("{FAE04EC0-301F-11D3-BF4B-00C04F79EFBC}") = "Assembly-CSharp", "Assembly-CSharp.csproj", "{72C66664-772F-11F2-65A9-D97768852CB8}"
EndProject
Project("{FAE04EC0-301F-11D3-BF4B-00C04F79EFBC}") = "Assembly-CSharp-Editor", "Assembly-CSharp-Editor.csproj", "{400AEBDA-C22F-AAAE-8010-78917F07568A}"
EndProject
Global
	GlobalSection(SolutionConfigurationPlatforms) = preSolution
		Debug|Any CPU = Debug|Any CPU
		Release|Any CPU = Release|Any CPU
	EndGlobalSection
	GlobalSection(ProjectConfigurationPlatforms) = postSolution
		{72C66664-772F-11F2-65A9-D97768852CB8}.Debug|Any CPU.ActiveCfg = Debug|Any CPU
		{72C66664-772F-11F2-65A9-D97768852CB8}.Debug|Any CPU.Build.0 = Debug|Any CPU
		{72C66664-772F-11F2-65A9-D97768852CB8}.Release|Any CPU.ActiveCfg = Release|Any CPU
		{72C66664-772F-11F2-65A9-D97768852CB8}.Release|Any CPU.Build.0 = Release|Any CPU
		{400AEBDA-C22F-AAAE-8010-78917F07568A}.Debug|Any CPU.ActiveCfg = Debug|Any CPU
		{400AEBDA-C22F-AAAE-8010-78917F07568A}.Debug|Any CPU.Build.0 = Debug|Any CPU
		{400AEBDA-C22F-AAAE-8010-78917F07568A}.Release|Any CPU.ActiveCfg = Release|Any CPU
		{400AEBDA-C22F-AAAE-8010-78917F07568A}.Release|Any CPU.Build.0 = Release|Any CPU
	EndGlobalSection
	GlobalSection(SolutionProperties) = preSolution
		HideSolutionNode = FALSE
	EndGlobalSection
EndGlobal
